
Microsoft Visual Studio Solution File, Format Version 12.00
# Visual Studio Version 16
VisualStudioVersion = 16.0.29613.14
MinimumVisualStudioVersion = 10.0.40219.1
Project("{FAE04EC0-301F-11D3-BF4B-00C04F79EFBC}") = "Rice-Console", "Rice-Console\Rice-Console.csproj", "{32CFF609-732F-4A9D-822D-F8B21E2BCA2A}"
EndProject
Global
	GlobalSection(SolutionConfigurationPlatforms) = preSolution
		Debug|Any CPU = Debug|Any CPU
		Release|Any CPU = Release|Any CPU
	EndGlobalSection
	GlobalSection(ProjectConfigurationPlatforms) = postSolution
		{32CFF609-732F-4A9D-822D-F8B21E2BCA2A}.Debug|Any CPU.ActiveCfg = Debug|Any CPU
		{32CFF609-732F-4A9D-822D-F8B21E2BCA2A}.Debug|Any CPU.Build.0 = Debug|Any CPU
		{32CFF609-732F-4A9D-822D-F8B21E2BCA2A}.Release|Any CPU.ActiveCfg = Release|Any CPU
		{32CFF609-732F-4A9D-822D-F8B21E2BCA2A}.Release|Any CPU.Build.0 = Release|Any CPU
	EndGlobalSection
	GlobalSection(SolutionProperties) = preSolution
		HideSolutionNode = FALSE
	EndGlobalSection
	GlobalSection(ExtensibilityGlobals) = postSolution
		SolutionGuid = {B0DFE262-2D57-4F8C-BDC9-5CA9FCA46C7D}
	EndGlobalSection
EndGlobal
